
Microsoft Visual Studio Solution File, Format Version 12.00
# Visual Studio Version 16
VisualStudioVersion = 16.0.32413.511
MinimumVisualStudioVersion = 10.0.40219.1
Project("{FAE04EC0-301F-11D3-BF4B-00C04F79EFBC}") = "Дипломный проект. СбербанкПлюс", "Дипломный проект. СбербанкПлюс.csproj", "{38075ED5-53AD-4849-A065-C71734D1E6C2}"
EndProject
Global
	GlobalSection(SolutionConfigurationPlatforms) = preSolution
		Debug|Any CPU = Debug|Any CPU
		Release|Any CPU = Release|Any CPU
	EndGlobalSection
	GlobalSection(ProjectConfigurationPlatforms) = postSolution
		{38075ED5-53AD-4849-A065-C71734D1E6C2}.Debug|Any CPU.ActiveCfg = Debug|Any CPU
		{38075ED5-53AD-4849-A065-C71734D1E6C2}.Debug|Any CPU.Build.0 = Debug|Any CPU
		{38075ED5-53AD-4849-A065-C71734D1E6C2}.Release|Any CPU.ActiveCfg = Release|Any CPU
		{38075ED5-53AD-4849-A065-C71734D1E6C2}.Release|Any CPU.Build.0 = Release|Any CPU
	EndGlobalSection
	GlobalSection(SolutionProperties) = preSolution
		HideSolutionNode = FALSE
	EndGlobalSection
	GlobalSection(ExtensibilityGlobals) = postSolution
		SolutionGuid = {7B929453-3F75-462E-8D67-F2E92F3988F5}
	EndGlobalSection
EndGlobal
